
Microsoft Visual Studio Solution File, Format Version 12.00
# Visual Studio Version 16
VisualStudioVersion = 16.0.29418.71
MinimumVisualStudioVersion = 10.0.40219.1
Project("{FAE04EC0-301F-11D3-BF4B-00C04F79EFBC}") = "Petinator_Server", "Petinator_Server\Petinator_Server.csproj", "{564C9583-A07A-4622-8164-AB8F05A80A05}"
EndProject
Global
	GlobalSection(SolutionConfigurationPlatforms) = preSolution
		Debug|Any CPU = Debug|Any CPU
		Release|Any CPU = Release|Any CPU
	EndGlobalSection
	GlobalSection(ProjectConfigurationPlatforms) = postSolution
		{564C9583-A07A-4622-8164-AB8F05A80A05}.Debug|Any CPU.ActiveCfg = Debug|Any CPU
		{564C9583-A07A-4622-8164-AB8F05A80A05}.Debug|Any CPU.Build.0 = Debug|Any CPU
		{564C9583-A07A-4622-8164-AB8F05A80A05}.Release|Any CPU.ActiveCfg = Release|Any CPU
		{564C9583-A07A-4622-8164-AB8F05A80A05}.Release|Any CPU.Build.0 = Release|Any CPU
	EndGlobalSection
	GlobalSection(SolutionProperties) = preSolution
		HideSolutionNode = FALSE
	EndGlobalSection
	GlobalSection(ExtensibilityGlobals) = postSolution
		SolutionGuid = {F1758B50-691D-4528-87D4-836BBED82AD1}
	EndGlobalSection
EndGlobal
